version = 1
revision = 2
requires-python = ">=3.11"

[manifest]
members = [
    "examples",
    "game-state",
]

[[package]]
name = "basedpyright"
version = "1.29.2"
source = { registry = "https://pypi.org/simple" }
dependencies = [
    { name = "nodejs-wheel-binaries" },
]
sdist = { url = "https://files.pythonhosted.org/packages/0c/db/fcfced6e89a49b52694d51078c2cf626b3fe9d097c1145bb8424337d7ae6/basedpyright-1.29.2.tar.gz", hash = "sha256:12c49186003b9f69a028615da883ef97035ea2119a9e3f93a00091b3a27088a6", size = 21966851, upload-time = "2025-05-21T11:45:43.03Z" }
wheels = [
    { url = "https://files.pythonhosted.org/packages/98/b7/8307208ab517ac6e5d0331ad7347624fe8b250fb6e659ba3bd081d82c890/basedpyright-1.29.2-py3-none-any.whl", hash = "sha256:f389e2997de33d038c5065fd85bff351fbdc62fa6d6371c7b947fc3bce8d437d", size = 11472099, upload-time = "2025-05-21T11:45:38.785Z" },
]

[[package]]
name = "cfgv"
version = "3.4.0"
source = { registry = "https://pypi.org/simple" }
sdist = { url = "https://files.pythonhosted.org/packages/11/74/539e56497d9bd1d484fd863dd69cbbfa653cd2aa27abfe35653494d85e94/cfgv-3.4.0.tar.gz", hash = "sha256:e52591d4c5f5dead8e0f673fb16db7949d2cfb3f7da4582893288f0ded8fe560", size = 7114, upload-time = "2023-08-12T20:38:17.776Z" }
wheels = [
    { url = "https://files.pythonhosted.org/packages/c5/55/51844dd50c4fc7a33b653bfaba4c2456f06955289ca770a5dbd5fd267374/cfgv-3.4.0-py2.py3-none-any.whl", hash = "sha256:b7265b1f29fd3316bfcd2b330d63d024f2bfd8bcb8b0272f8e19a504856c48f9", size = 7249, upload-time = "2023-08-12T20:38:16.269Z" },
]

[[package]]
name = "distlib"
version = "0.3.9"
source = { registry = "https://pypi.org/simple" }
sdist = { url = "https://files.pythonhosted.org/packages/0d/dd/1bec4c5ddb504ca60fc29472f3d27e8d4da1257a854e1d96742f15c1d02d/distlib-0.3.9.tar.gz", hash = "sha256:a60f20dea646b8a33f3e7772f74dc0b2d0772d2837ee1342a00645c81edf9403", size = 613923, upload-time = "2024-10-09T18:35:47.551Z" }
wheels = [
    { url = "https://files.pythonhosted.org/packages/91/a1/cf2472db20f7ce4a6be1253a81cfdf85ad9c7885ffbed7047fb72c24cf87/distlib-0.3.9-py2.py3-none-any.whl", hash = "sha256:47f8c22fd27c27e25a65601af709b38e4f0a45ea4fc2e710f65755fa8caaaf87", size = 468973, upload-time = "2024-10-09T18:35:44.272Z" },
]

[[package]]
name = "examples"
version = "0.1.0"
source = { virtual = "examples" }
dependencies = [
    { name = "pygame-ce" },
]

[package.dev-dependencies]
dev = [
    { name = "basedpyright" },
    { name = "isort" },
    { name = "ruff" },
]

[package.metadata]
requires-dist = [{ name = "pygame-ce", specifier = ">=2.5.4" }]

[package.metadata.requires-dev]
dev = [
    { name = "basedpyright", specifier = ">=1.29.2" },
    { name = "isort", specifier = ">=6.0.1" },
    { name = "ruff", specifier = ">=0.11.12" },
]

[[package]]
name = "filelock"
version = "3.18.0"
source = { registry = "https://pypi.org/simple" }
sdist = { url = "https://files.pythonhosted.org/packages/0a/10/c23352565a6544bdc5353e0b15fc1c563352101f30e24bf500207a54df9a/filelock-3.18.0.tar.gz", hash = "sha256:adbc88eabb99d2fec8c9c1b229b171f18afa655400173ddc653d5d01501fb9f2", size = 18075, upload-time = "2025-03-14T07:11:40.47Z" }
wheels = [
    { url = "https://files.pythonhosted.org/packages/4d/36/2a115987e2d8c300a974597416d9de88f2444426de9571f4b59b2cca3acc/filelock-3.18.0-py3-none-any.whl", hash = "sha256:c401f4f8377c4464e6db25fff06205fd89bdd83b65eb0488ed1b160f780e21de", size = 16215, upload-time = "2025-03-14T07:11:39.145Z" },
]

[[package]]
name = "game-state"
version = "2.0.1b0"
source = { editable = "." }

[package.dev-dependencies]
dev = [
    { name = "basedpyright" },
    { name = "isort" },
    { name = "pre-commit" },
    { name = "pygame-ce" },
    { name = "ruff" },
]

[package.metadata]

[package.metadata.requires-dev]
dev = [
    { name = "basedpyright", specifier = ">=1.29.2" },
    { name = "isort", specifier = ">=5.13.2" },
    { name = "pre-commit", specifier = ">=3.5.0" },
    { name = "pygame-ce", specifier = ">=2.5.2" },
    { name = "ruff", specifier = ">=0.11.12" },
]

[[package]]
name = "identify"
version = "2.6.12"
source = { registry = "https://pypi.org/simple" }
sdist = { url = "https://files.pythonhosted.org/packages/a2/88/d193a27416618628a5eea64e3223acd800b40749a96ffb322a9b55a49ed1/identify-2.6.12.tar.gz", hash = "sha256:d8de45749f1efb108badef65ee8386f0f7bb19a7f26185f74de6367bffbaf0e6", size = 99254, upload-time = "2025-05-23T20:37:53.3Z" }
wheels = [
    { url = "https://files.pythonhosted.org/packages/7a/cd/18f8da995b658420625f7ef13f037be53ae04ec5ad33f9b718240dcfd48c/identify-2.6.12-py2.py3-none-any.whl", hash = "sha256:ad9672d5a72e0d2ff7c5c8809b62dfa60458626352fb0eb7b55e69bdc45334a2", size = 99145, upload-time = "2025-05-23T20:37:51.495Z" },
]

[[package]]
name = "isort"
version = "6.0.1"
source = { registry = "https://pypi.org/simple" }
sdist = { url = "https://files.pythonhosted.org/packages/b8/21/1e2a441f74a653a144224d7d21afe8f4169e6c7c20bb13aec3a2dc3815e0/isort-6.0.1.tar.gz", hash = "sha256:1cb5df28dfbc742e490c5e41bad6da41b805b0a8be7bc93cd0fb2a8a890ac450", size = 821955, upload-time = "2025-02-26T21:13:16.955Z" }
wheels = [
    { url = "https://files.pythonhosted.org/packages/c1/11/114d0a5f4dabbdcedc1125dee0888514c3c3b16d3e9facad87ed96fad97c/isort-6.0.1-py3-none-any.whl", hash = "sha256:2dc5d7f65c9678d94c88dfc29161a320eec67328bc97aad576874cb4be1e9615", size = 94186, upload-time = "2025-02-26T21:13:14.911Z" },
]

[[package]]
name = "nodeenv"
version = "1.9.1"
source = { registry = "https://pypi.org/simple" }
sdist = { url = "https://files.pythonhosted.org/packages/43/16/fc88b08840de0e0a72a2f9d8c6bae36be573e475a6326ae854bcc549fc45/nodeenv-1.9.1.tar.gz", hash = "sha256:6ec12890a2dab7946721edbfbcd91f3319c6ccc9aec47be7c7e6b7011ee6645f", size = 47437, upload-time = "2024-06-04T18:44:11.171Z" }
wheels = [
    { url = "https://files.pythonhosted.org/packages/d2/1d/1b658dbd2b9fa9c4c9f32accbfc0205d532c8c6194dc0f2a4c0428e7128a/nodeenv-1.9.1-py2.py3-none-any.whl", hash = "sha256:ba11c9782d29c27c70ffbdda2d7415098754709be8a7056d79a737cd901155c9", size = 22314, upload-time = "2024-06-04T18:44:08.352Z" },
]

[[package]]
name = "nodejs-wheel-binaries"
version = "22.16.0"
source = { registry = "https://pypi.org/simple" }
sdist = { url = "https://files.pythonhosted.org/packages/0f/c6/66f36b7b0d528660dfb4a59cb9b8dd6a3f4c0a3939cd49c404a775ea4a63/nodejs_wheel_binaries-22.16.0.tar.gz", hash = "sha256:d695832f026df3a0cf9a089d222225939de9d1b67f8f0a353b79f015aabbe7e2", size = 8061, upload-time = "2025-05-22T07:27:52.149Z" }
wheels = [
    { url = "https://files.pythonhosted.org/packages/d7/dc/417a5c5f99e53a5d2b3be122506312731eb90fb9630c248e327e2e38cc6b/nodejs_wheel_binaries-22.16.0-py2.py3-none-macosx_11_0_arm64.whl", hash = "sha256:986b715a96ed703f8ce0c15712f76fc42895cf09067d72b6ef29e8b334eccf64", size = 50957501, upload-time = "2025-05-22T07:27:20.132Z" },
    { url = "https://files.pythonhosted.org/packages/0e/dd/d6ce48209ed15f5d1fccb29eeaa111f962557123eaf4fd03a7316c42734c/nodejs_wheel_binaries-22.16.0-py2.py3-none-macosx_11_0_x86_64.whl", hash = "sha256:4ae3cf22138891cb44c3ee952862a257ce082b098b29024d7175684a9a77b0c0", size = 51891634, upload-time = "2025-05-22T07:27:24.029Z" },
    { url = "https://files.pythonhosted.org/packages/80/fa/a07e622fd87717eec3e5cff41575f85ad62717e8698884d28ca809266ca1/nodejs_wheel_binaries-22.16.0-py2.py3-none-manylinux_2_17_aarch64.manylinux2014_aarch64.whl", hash = "sha256:71f2de4dc0b64ae43e146897ce811f80ac4f9acfbae6ccf814226282bf4ef174", size = 57857862, upload-time = "2025-05-22T07:27:27.933Z" },
    { url = "https://files.pythonhosted.org/packages/1f/80/52736f9570a93f8e6b7942981dc9770eca2bc7aa1d200c1d54198374a6ca/nodejs_wheel_binaries-22.16.0-py2.py3-none-manylinux_2_17_x86_64.manylinux2014_x86_64.whl", hash = "sha256:dbfccbcd558d2f142ccf66d8c3a098022bf4436db9525b5b8d32169ce185d99e", size = 58395868, upload-time = "2025-05-22T07:27:32.088Z" },
    { url = "https://files.pythonhosted.org/packages/0f/0e/53616a5ed8fc1fbe9e48bf132862da5a9abf5cc7f8483dab1722ec257187/nodejs_wheel_binaries-22.16.0-py2.py3-none-musllinux_1_2_aarch64.whl", hash = "sha256:447ad796850eb52ca20356ad39b2d296ed8fef3f214921f84a1ccdad49f2eba1", size = 59712469, upload-time = "2025-05-22T07:27:37.193Z" },
    { url = "https://files.pythonhosted.org/packages/4a/cd/e2b5083df581fc1d08eb93feb6f8fbd3d56b113cef9b59d8e0fb7d4dd4f3/nodejs_wheel_binaries-22.16.0-py2.py3-none-musllinux_1_2_x86_64.whl", hash = "sha256:7f526ca6a132b0caf633566a2a78c6985fe92857e7bfdb37380f76205a10b808", size = 60763005, upload-time = "2025-05-22T07:27:41.39Z" },
    { url = "https://files.pythonhosted.org/packages/71/8d/57112b49214e8bd636f3cc3386eba6be4d23552ec8a0f6efbe814013caa7/nodejs_wheel_binaries-22.16.0-py2.py3-none-win_amd64.whl", hash = "sha256:2fffb4bf1066fb5f660da20819d754f1b424bca1b234ba0f4fa901c52e3975fb", size = 41313324, upload-time = "2025-05-22T07:27:45.293Z" },
    { url = "https://files.pythonhosted.org/packages/91/03/a852711aec73dfb965844592dfe226024c0da28e37d1ee54083342e38f57/nodejs_wheel_binaries-22.16.0-py2.py3-none-win_arm64.whl", hash = "sha256:2728972d336d436d39ee45988978d8b5d963509e06f063e80fe41b203ee80b28", size = 38828154, upload-time = "2025-05-22T07:27:48.606Z" },
]

[[package]]
name = "platformdirs"
version = "4.3.8"
source = { registry = "https://pypi.org/simple" }
sdist = { url = "https://files.pythonhosted.org/packages/fe/8b/3c73abc9c759ecd3f1f7ceff6685840859e8070c4d947c93fae71f6a0bf2/platformdirs-4.3.8.tar.gz", hash = "sha256:3d512d96e16bcb959a814c9f348431070822a6496326a4be0911c40b5a74c2bc", size = 21362, upload-time = "2025-05-07T22:47:42.121Z" }
wheels = [
    { url = "https://files.pythonhosted.org/packages/fe/39/979e8e21520d4e47a0bbe349e2713c0aac6f3d853d0e5b34d76206c439aa/platformdirs-4.3.8-py3-none-any.whl", hash = "sha256:ff7059bb7eb1179e2685604f4aaf157cfd9535242bd23742eadc3c13542139b4", size = 18567, upload-time = "2025-05-07T22:47:40.376Z" },
]

[[package]]
name = "pre-commit"
version = "4.2.0"
source = { registry = "https://pypi.org/simple" }
dependencies = [
    { name = "cfgv" },
    { name = "identify" },
    { name = "nodeenv" },
    { name = "pyyaml" },
    { name = "virtualenv" },
]
sdist = { url = "https://files.pythonhosted.org/packages/08/39/679ca9b26c7bb2999ff122d50faa301e49af82ca9c066ec061cfbc0c6784/pre_commit-4.2.0.tar.gz", hash = "sha256:601283b9757afd87d40c4c4a9b2b5de9637a8ea02eaff7adc2d0fb4e04841146", size = 193424, upload-time = "2025-03-18T21:35:20.987Z" }
wheels = [
    { url = "https://files.pythonhosted.org/packages/88/74/a88bf1b1efeae488a0c0b7bdf71429c313722d1fc0f377537fbe554e6180/pre_commit-4.2.0-py2.py3-none-any.whl", hash = "sha256:a009ca7205f1eb497d10b845e52c838a98b6cdd2102a6c8e4540e94ee75c58bd", size = 220707, upload-time = "2025-03-18T21:35:19.343Z" },
]

[[package]]
name = "pygame-ce"
version = "2.5.4"
source = { registry = "https://pypi.org/simple" }
sdist = { url = "https://files.pythonhosted.org/packages/09/aa/4292fa4fee4c3d654d69c4beabc64fc94bc97207bcf30d33139328c5052e/pygame_ce-2.5.4.tar.gz", hash = "sha256:d328febe12653c3d35aa8f0556044fde4770155bd25ab90da3949c9d5289e15d", size = 5817848, upload-time = "2025-06-02T05:44:24.983Z" }
wheels = [
    { url = "https://files.pythonhosted.org/packages/29/02/7d6ed713bb03d0785533cc3f7b928d1be4b5183d3be82c55def94339e56c/pygame_ce-2.5.4-cp311-cp311-macosx_10_11_x86_64.whl", hash = "sha256:1345b02fbfad18af8fdb3d659d959fce42f8533923f92271a3d9d2d59d142ca4", size = 12462142, upload-time = "2025-06-02T05:42:49.621Z" },
    { url = "https://files.pythonhosted.org/packages/5f/5d/93aa60c4f725c485ca6e57f9e8b8bb51aa570874b993065c241512e9a28f/pygame_ce-2.5.4-cp311-cp311-macosx_11_0_arm64.whl", hash = "sha256:a5b407df24b8473261a23c2f4b184267b26a1952ff760ec027c1d2e31a4fea4c", size = 11700825, upload-time = "2025-06-02T05:42:51.718Z" },
    { url = "https://files.pythonhosted.org/packages/55/16/980aed04c86e2b6ee1cac6dcf65053c063ab9f05edb9418a84a57c05d311/pygame_ce-2.5.4-cp311-cp311-manylinux_2_17_aarch64.manylinux2014_aarch64.whl", hash = "sha256:6bfa80242b6797b3e71329466d980f45404399ed8b1aa4b66570ed75176652dc", size = 12350901, upload-time = "2025-06-02T05:42:53.899Z" },
    { url = "https://files.pythonhosted.org/packages/bb/57/6a816c7673e5f233decd5a873aab0aed82004a062f405a0244cbf8017121/pygame_ce-2.5.4-cp311-cp311-manylinux_2_17_i686.manylinux2014_i686.whl", hash = "sha256:4163039ab3902cf2a32bf32a916380cdbe131e8e709a0262e35d70a4912a015b", size = 12881222, upload-time = "2025-06-02T05:42:56.535Z" },
    { url = "https://files.pythonhosted.org/packages/c3/18/48e64a3c08218912c27015e4f3bab52b37c69da1b7a27007e76d60476ea9/pygame_ce-2.5.4-cp311-cp311-manylinux_2_17_x86_64.manylinux2014_x86_64.whl", hash = "sha256:b6933ec6b6e31bb110a57d61530aea1ba19f6e5d5af6807f091a43c529b654d0", size = 12526782, upload-time = "2025-06-02T05:42:58.926Z" },
    { url = "https://files.pythonhosted.org/packages/cf/11/a2c2e68391fa111296e379d4c214aad9b81b0591e585b825b23bc6257d8f/pygame_ce-2.5.4-cp311-cp311-win32.whl", hash = "sha256:12f9bd49830128c9f5c1dce1e8fadcb46f7e4d039580a75cb0e21cf007ed415a", size = 9848464, upload-time = "2025-06-02T05:43:01.166Z" },
    { url = "https://files.pythonhosted.org/packages/b8/3d/b34dbe48e8ac491180dc74c8cc102d8429238422ffd46980e6eedf1305eb/pygame_ce-2.5.4-cp311-cp311-win_amd64.whl", hash = "sha256:60cd415ff510da4cd991d98b81932f0cd1987bba04cd8c349844a7f30a5cb57f", size = 10421643, upload-time = "2025-06-02T05:43:03.599Z" },
    { url = "https://files.pythonhosted.org/packages/33/fe/80cc64bcf1730ff6bf0b836a630faedf4e000a55fba20b3b71c64079ce08/pygame_ce-2.5.4-cp312-cp312-macosx_10_13_x86_64.whl", hash = "sha256:5b11a4c6e91d4c90057049d1d0ba1abbea33b24752fc5a54862c5d6be2992f14", size = 12455826, upload-time = "2025-06-02T05:43:06.615Z" },
    { url = "https://files.pythonhosted.org/packages/f0/cf/0ffc9773fca6e02e2e98ad7d923e052c4fa00fc68c9ba89d01e3576874d7/pygame_ce-2.5.4-cp312-cp312-macosx_11_0_arm64.whl", hash = "sha256:b3aade5c1c29173f2aae59c501663ae3135d131db0bca8998e291d43762980c7", size = 11706663, upload-time = "2025-06-02T05:43:09.238Z" },
    { url = "https://files.pythonhosted.org/packages/6f/61/0c6c1e7bfd6789f71f771ffadb4fb71f18c42be05a0138d8b044e1a8eac2/pygame_ce-2.5.4-cp312-cp312-manylinux_2_17_aarch64.manylinux2014_aarch64.whl", hash = "sha256:edcb33470e89ca30c1468cf9db02be320c5bb8c0ece374c8dac4193cf65c9a44", size = 12336533, upload-time = "2025-06-02T05:43:11.408Z" },
    { url = "https://files.pythonhosted.org/packages/ae/5e/d5fb9dd282ad142b0bfcf7a55d8c1c5fdbee754241592c0b96380de8ecdb/pygame_ce-2.5.4-cp312-cp312-manylinux_2_17_i686.manylinux2014_i686.whl", hash = "sha256:636b5d5c6d9e2fa44f3b712c15615a92a0203b5c5af9eaf26d5cfa7daf265023", size = 12869144, upload-time = "2025-06-02T05:43:13.609Z" },
    { url = "https://files.pythonhosted.org/packages/2e/ac/a9f309345e76730ab183a7813c800227ab12dac47933387d070dba66e31a/pygame_ce-2.5.4-cp312-cp312-manylinux_2_17_x86_64.manylinux2014_x86_64.whl", hash = "sha256:7996a993ca36818e5301898bea0ba155a69465a5fdbb7ef5708f5f0732d62eb2", size = 12513200, upload-time = "2025-06-02T05:43:16.215Z" },
    { url = "https://files.pythonhosted.org/packages/10/54/5ceeda27033f5be7a6f45d040ea745a2776bc8f15ff963770a87472b0ac4/pygame_ce-2.5.4-cp312-cp312-win32.whl", hash = "sha256:02bdb36f1ffe91eaa2758bbe56dfcc226a8b3aac13f169f0eb463920b65efe58", size = 9846375, upload-time = "2025-06-02T05:43:18.297Z" },
    { url = "https://files.pythonhosted.org/packages/67/ad/4e55baed12ae7a89c2ca6af44cc901c21b82a08de6529de51f4fe37dbb4a/pygame_ce-2.5.4-cp312-cp312-win_amd64.whl", hash = "sha256:f99643d024a9dd6af98678b6bd5483b14c091482b37fd9c8f1b302badbf61789", size = 10422258, upload-time = "2025-06-02T05:43:20.748Z" },
    { url = "https://files.pythonhosted.org/packages/94/24/7357c1b4e27a8d0a8efc6de812d3ad34dadec117f69d02ada333a52928e0/pygame_ce-2.5.4-cp313-cp313-macosx_10_13_x86_64.whl", hash = "sha256:05a1c9142e6571bdc2d7f899b2c838d5240a1516979180d74d908814959dcb05", size = 12449701, upload-time = "2025-06-02T05:43:23.328Z" },
    { url = "https://files.pythonhosted.org/packages/10/28/30588be6f4d4862097ddbd865b5bade5779eeb40652385464b74b43480b6/pygame_ce-2.5.4-cp313-cp313-macosx_11_0_arm64.whl", hash = "sha256:8981318a57586e2f871d454a0ad424823a2f20cacc2f6280c95e0a5efc519231", size = 11700872, upload-time = "2025-06-02T05:43:25.508Z" },
    { url = "https://files.pythonhosted.org/packages/6b/39/08a17dd5ca49da8210588e422db932109cef72b5ce323706d48ab15a8176/pygame_ce-2.5.4-cp313-cp313-manylinux_2_17_aarch64.manylinux2014_aarch64.whl", hash = "sha256:25e9c30f320f8cd5bcefa23ae006aacfef9c0a071bcb3fdae0659bd156b652de", size = 12332432, upload-time = "2025-06-02T05:43:27.625Z" },
    { url = "https://files.pythonhosted.org/packages/5f/79/ff944d16cb41e13ac52f3f8a0886566f39df79f730408e87aa4cc472829a/pygame_ce-2.5.4-cp313-cp313-manylinux_2_17_i686.manylinux2014_i686.whl", hash = "sha256:e61dd8c05da662b5e93fdd7beffa8b221d08a96df28af30f181bf2822ebc326c", size = 12867429, upload-time = "2025-06-02T05:43:29.972Z" },
    { url = "https://files.pythonhosted.org/packages/b0/24/24a3cdccd269c8a18f112bc7d13934f7ec97ffff111eeace37770a2081ea/pygame_ce-2.5.4-cp313-cp313-manylinux_2_17_x86_64.manylinux2014_x86_64.whl", hash = "sha256:63756edbd3e7622645aef851d98f7fe7712225403240538ebf15515372fc74c0", size = 12509445, upload-time = "2025-06-02T05:43:32.218Z" },
    { url = "https://files.pythonhosted.org/packages/03/1d/ff8f30889c495f17e0bbd85d7660e571497ab54507f57f33c244581b5258/pygame_ce-2.5.4-cp313-cp313-win32.whl", hash = "sha256:879d2d1cf352a918aa476eef2ed50fc5aceadc5cb8b0fb4779f8e609686fd481", size = 9844271, upload-time = "2025-06-02T05:43:34.756Z" },
    { url = "https://files.pythonhosted.org/packages/f1/76/1f02626db41f66167fbf42d1b2047a0365da13332f841744c2b6e2027f4d/pygame_ce-2.5.4-cp313-cp313-win_amd64.whl", hash = "sha256:6b36535528d9fb3e7b2b6dcf9ccdf6f485caac16cb862763d695543a3e2e48b8", size = 10420236, upload-time = "2025-06-02T05:43:36.862Z" },
]

[[package]]
name = "pyyaml"
version = "6.0.2"
source = { registry = "https://pypi.org/simple" }
sdist = { url = "https://files.pythonhosted.org/packages/54/ed/79a089b6be93607fa5cdaedf301d7dfb23af5f25c398d5ead2525b063e17/pyyaml-6.0.2.tar.gz", hash = "sha256:d584d9ec91ad65861cc08d42e834324ef890a082e591037abe114850ff7bbc3e", size = 130631, upload-time = "2024-08-06T20:33:50.674Z" }
wheels = [
    { url = "https://files.pythonhosted.org/packages/f8/aa/7af4e81f7acba21a4c6be026da38fd2b872ca46226673c89a758ebdc4fd2/PyYAML-6.0.2-cp311-cp311-macosx_10_9_x86_64.whl", hash = "sha256:cc1c1159b3d456576af7a3e4d1ba7e6924cb39de8f67111c735f6fc832082774", size = 184612, upload-time = "2024-08-06T20:32:03.408Z" },
    { url = "https://files.pythonhosted.org/packages/8b/62/b9faa998fd185f65c1371643678e4d58254add437edb764a08c5a98fb986/PyYAML-6.0.2-cp311-cp311-macosx_11_0_arm64.whl", hash = "sha256:1e2120ef853f59c7419231f3bf4e7021f1b936f6ebd222406c3b60212205d2ee", size = 172040, upload-time = "2024-08-06T20:32:04.926Z" },
    { url = "https://files.pythonhosted.org/packages/ad/0c/c804f5f922a9a6563bab712d8dcc70251e8af811fce4524d57c2c0fd49a4/PyYAML-6.0.2-cp311-cp311-manylinux_2_17_aarch64.manylinux2014_aarch64.whl", hash = "sha256:5d225db5a45f21e78dd9358e58a98702a0302f2659a3c6cd320564b75b86f47c", size = 736829, upload-time = "2024-08-06T20:32:06.459Z" },
    { url = "https://files.pythonhosted.org/packages/51/16/6af8d6a6b210c8e54f1406a6b9481febf9c64a3109c541567e35a49aa2e7/PyYAML-6.0.2-cp311-cp311-manylinux_2_17_s390x.manylinux2014_s390x.whl", hash = "sha256:5ac9328ec4831237bec75defaf839f7d4564be1e6b25ac710bd1a96321cc8317", size = 764167, upload-time = "2024-08-06T20:32:08.338Z" },
    { url = "https://files.pythonhosted.org/packages/75/e4/2c27590dfc9992f73aabbeb9241ae20220bd9452df27483b6e56d3975cc5/PyYAML-6.0.2-cp311-cp311-manylinux_2_17_x86_64.manylinux2014_x86_64.whl", hash = "sha256:3ad2a3decf9aaba3d29c8f537ac4b243e36bef957511b4766cb0057d32b0be85", size = 762952, upload-time = "2024-08-06T20:32:14.124Z" },
    { url = "https://files.pythonhosted.org/packages/9b/97/ecc1abf4a823f5ac61941a9c00fe501b02ac3ab0e373c3857f7d4b83e2b6/PyYAML-6.0.2-cp311-cp311-musllinux_1_1_aarch64.whl", hash = "sha256:ff3824dc5261f50c9b0dfb3be22b4567a6f938ccce4587b38952d85fd9e9afe4", size = 735301, upload-time = "2024-08-06T20:32:16.17Z" },
    { url = "https://files.pythonhosted.org/packages/45/73/0f49dacd6e82c9430e46f4a027baa4ca205e8b0a9dce1397f44edc23559d/PyYAML-6.0.2-cp311-cp311-musllinux_1_1_x86_64.whl", hash = "sha256:797b4f722ffa07cc8d62053e4cff1486fa6dc094105d13fea7b1de7d8bf71c9e", size = 756638, upload-time = "2024-08-06T20:32:18.555Z" },
    { url = "https://files.pythonhosted.org/packages/22/5f/956f0f9fc65223a58fbc14459bf34b4cc48dec52e00535c79b8db361aabd/PyYAML-6.0.2-cp311-cp311-win32.whl", hash = "sha256:11d8f3dd2b9c1207dcaf2ee0bbbfd5991f571186ec9cc78427ba5bd32afae4b5", size = 143850, upload-time = "2024-08-06T20:32:19.889Z" },
    { url = "https://files.pythonhosted.org/packages/ed/23/8da0bbe2ab9dcdd11f4f4557ccaf95c10b9811b13ecced089d43ce59c3c8/PyYAML-6.0.2-cp311-cp311-win_amd64.whl", hash = "sha256:e10ce637b18caea04431ce14fabcf5c64a1c61ec9c56b071a4b7ca131ca52d44", size = 161980, upload-time = "2024-08-06T20:32:21.273Z" },
    { url = "https://files.pythonhosted.org/packages/86/0c/c581167fc46d6d6d7ddcfb8c843a4de25bdd27e4466938109ca68492292c/PyYAML-6.0.2-cp312-cp312-macosx_10_9_x86_64.whl", hash = "sha256:c70c95198c015b85feafc136515252a261a84561b7b1d51e3384e0655ddf25ab", size = 183873, upload-time = "2024-08-06T20:32:25.131Z" },
    { url = "https://files.pythonhosted.org/packages/a8/0c/38374f5bb272c051e2a69281d71cba6fdb983413e6758b84482905e29a5d/PyYAML-6.0.2-cp312-cp312-macosx_11_0_arm64.whl", hash = "sha256:ce826d6ef20b1bc864f0a68340c8b3287705cae2f8b4b1d932177dcc76721725", size = 173302, upload-time = "2024-08-06T20:32:26.511Z" },
    { url = "https://files.pythonhosted.org/packages/c3/93/9916574aa8c00aa06bbac729972eb1071d002b8e158bd0e83a3b9a20a1f7/PyYAML-6.0.2-cp312-cp312-manylinux_2_17_aarch64.manylinux2014_aarch64.whl", hash = "sha256:1f71ea527786de97d1a0cc0eacd1defc0985dcf6b3f17bb77dcfc8c34bec4dc5", size = 739154, upload-time = "2024-08-06T20:32:28.363Z" },
    { url = "https://files.pythonhosted.org/packages/95/0f/b8938f1cbd09739c6da569d172531567dbcc9789e0029aa070856f123984/PyYAML-6.0.2-cp312-cp312-manylinux_2_17_s390x.manylinux2014_s390x.whl", hash = "sha256:9b22676e8097e9e22e36d6b7bda33190d0d400f345f23d4065d48f4ca7ae0425", size = 766223, upload-time = "2024-08-06T20:32:30.058Z" },
    { url = "https://files.pythonhosted.org/packages/b9/2b/614b4752f2e127db5cc206abc23a8c19678e92b23c3db30fc86ab731d3bd/PyYAML-6.0.2-cp312-cp312-manylinux_2_17_x86_64.manylinux2014_x86_64.whl", hash = "sha256:80bab7bfc629882493af4aa31a4cfa43a4c57c83813253626916b8c7ada83476", size = 767542, upload-time = "2024-08-06T20:32:31.881Z" },
    { url = "https://files.pythonhosted.org/packages/d4/00/dd137d5bcc7efea1836d6264f049359861cf548469d18da90cd8216cf05f/PyYAML-6.0.2-cp312-cp312-musllinux_1_1_aarch64.whl", hash = "sha256:0833f8694549e586547b576dcfaba4a6b55b9e96098b36cdc7ebefe667dfed48", size = 731164, upload-time = "2024-08-06T20:32:37.083Z" },
    { url = "https://files.pythonhosted.org/packages/c9/1f/4f998c900485e5c0ef43838363ba4a9723ac0ad73a9dc42068b12aaba4e4/PyYAML-6.0.2-cp312-cp312-musllinux_1_1_x86_64.whl", hash = "sha256:8b9c7197f7cb2738065c481a0461e50ad02f18c78cd75775628afb4d7137fb3b", size = 756611, upload-time = "2024-08-06T20:32:38.898Z" },
    { url = "https://files.pythonhosted.org/packages/df/d1/f5a275fdb252768b7a11ec63585bc38d0e87c9e05668a139fea92b80634c/PyYAML-6.0.2-cp312-cp312-win32.whl", hash = "sha256:ef6107725bd54b262d6dedcc2af448a266975032bc85ef0172c5f059da6325b4", size = 140591, upload-time = "2024-08-06T20:32:40.241Z" },
    { url = "https://files.pythonhosted.org/packages/0c/e8/4f648c598b17c3d06e8753d7d13d57542b30d56e6c2dedf9c331ae56312e/PyYAML-6.0.2-cp312-cp312-win_amd64.whl", hash = "sha256:7e7401d0de89a9a855c839bc697c079a4af81cf878373abd7dc625847d25cbd8", size = 156338, upload-time = "2024-08-06T20:32:41.93Z" },
    { url = "https://files.pythonhosted.org/packages/ef/e3/3af305b830494fa85d95f6d95ef7fa73f2ee1cc8ef5b495c7c3269fb835f/PyYAML-6.0.2-cp313-cp313-macosx_10_13_x86_64.whl", hash = "sha256:efdca5630322a10774e8e98e1af481aad470dd62c3170801852d752aa7a783ba", size = 181309, upload-time = "2024-08-06T20:32:43.4Z" },
    { url = "https://files.pythonhosted.org/packages/45/9f/3b1c20a0b7a3200524eb0076cc027a970d320bd3a6592873c85c92a08731/PyYAML-6.0.2-cp313-cp313-macosx_11_0_arm64.whl", hash = "sha256:50187695423ffe49e2deacb8cd10510bc361faac997de9efef88badc3bb9e2d1", size = 171679, upload-time = "2024-08-06T20:32:44.801Z" },
    { url = "https://files.pythonhosted.org/packages/7c/9a/337322f27005c33bcb656c655fa78325b730324c78620e8328ae28b64d0c/PyYAML-6.0.2-cp313-cp313-manylinux_2_17_aarch64.manylinux2014_aarch64.whl", hash = "sha256:0ffe8360bab4910ef1b9e87fb812d8bc0a308b0d0eef8c8f44e0254ab3b07133", size = 733428, upload-time = "2024-08-06T20:32:46.432Z" },
    { url = "https://files.pythonhosted.org/packages/a3/69/864fbe19e6c18ea3cc196cbe5d392175b4cf3d5d0ac1403ec3f2d237ebb5/PyYAML-6.0.2-cp313-cp313-manylinux_2_17_s390x.manylinux2014_s390x.whl", hash = "sha256:17e311b6c678207928d649faa7cb0d7b4c26a0ba73d41e99c4fff6b6c3276484", size = 763361, upload-time = "2024-08-06T20:32:51.188Z" },
    { url = "https://files.pythonhosted.org/packages/04/24/b7721e4845c2f162d26f50521b825fb061bc0a5afcf9a386840f23ea19fa/PyYAML-6.0.2-cp313-cp313-manylinux_2_17_x86_64.manylinux2014_x86_64.whl", hash = "sha256:70b189594dbe54f75ab3a1acec5f1e3faa7e8cf2f1e08d9b561cb41b845f69d5", size = 759523, upload-time = "2024-08-06T20:32:53.019Z" },
    { url = "https://files.pythonhosted.org/packages/2b/b2/e3234f59ba06559c6ff63c4e10baea10e5e7df868092bf9ab40e5b9c56b6/PyYAML-6.0.2-cp313-cp313-musllinux_1_1_aarch64.whl", hash = "sha256:41e4e3953a79407c794916fa277a82531dd93aad34e29c2a514c2c0c5fe971cc", size = 726660, upload-time = "2024-08-06T20:32:54.708Z" },
    { url = "https://files.pythonhosted.org/packages/fe/0f/25911a9f080464c59fab9027482f822b86bf0608957a5fcc6eaac85aa515/PyYAML-6.0.2-cp313-cp313-musllinux_1_1_x86_64.whl", hash = "sha256:68ccc6023a3400877818152ad9a1033e3db8625d899c72eacb5a668902e4d652", size = 751597, upload-time = "2024-08-06T20:32:56.985Z" },
    { url = "https://files.pythonhosted.org/packages/14/0d/e2c3b43bbce3cf6bd97c840b46088a3031085179e596d4929729d8d68270/PyYAML-6.0.2-cp313-cp313-win32.whl", hash = "sha256:bc2fa7c6b47d6bc618dd7fb02ef6fdedb1090ec036abab80d4681424b84c1183", size = 140527, upload-time = "2024-08-06T20:33:03.001Z" },
    { url = "https://files.pythonhosted.org/packages/fa/de/02b54f42487e3d3c6efb3f89428677074ca7bf43aae402517bc7cca949f3/PyYAML-6.0.2-cp313-cp313-win_amd64.whl", hash = "sha256:8388ee1976c416731879ac16da0aff3f63b286ffdd57cdeb95f3f2e085687563", size = 156446, upload-time = "2024-08-06T20:33:04.33Z" },
]

[[package]]
name = "ruff"
version = "0.11.12"
source = { registry = "https://pypi.org/simple" }
sdist = { url = "https://files.pythonhosted.org/packages/15/0a/92416b159ec00cdf11e5882a9d80d29bf84bba3dbebc51c4898bfbca1da6/ruff-0.11.12.tar.gz", hash = "sha256:43cf7f69c7d7c7d7513b9d59c5d8cafd704e05944f978614aa9faff6ac202603", size = 4202289, upload-time = "2025-05-29T13:31:40.037Z" }
wheels = [
    { url = "https://files.pythonhosted.org/packages/60/cc/53eb79f012d15e136d40a8e8fc519ba8f55a057f60b29c2df34efd47c6e3/ruff-0.11.12-py3-none-linux_armv6l.whl", hash = "sha256:c7680aa2f0d4c4f43353d1e72123955c7a2159b8646cd43402de6d4a3a25d7cc", size = 10285597, upload-time = "2025-05-29T13:30:57.539Z" },
    { url = "https://files.pythonhosted.org/packages/e7/d7/73386e9fb0232b015a23f62fea7503f96e29c29e6c45461d4a73bac74df9/ruff-0.11.12-py3-none-macosx_10_12_x86_64.whl", hash = "sha256:2cad64843da9f134565c20bcc430642de897b8ea02e2e79e6e02a76b8dcad7c3", size = 11053154, upload-time = "2025-05-29T13:31:00.865Z" },
    { url = "https://files.pythonhosted.org/packages/4e/eb/3eae144c5114e92deb65a0cb2c72326c8469e14991e9bc3ec0349da1331c/ruff-0.11.12-py3-none-macosx_11_0_arm64.whl", hash = "sha256:9b6886b524a1c659cee1758140138455d3c029783d1b9e643f3624a5ee0cb0aa", size = 10403048, upload-time = "2025-05-29T13:31:03.413Z" },
    { url = "https://files.pythonhosted.org/packages/29/64/20c54b20e58b1058db6689e94731f2a22e9f7abab74e1a758dfba058b6ca/ruff-0.11.12-py3-none-manylinux_2_17_aarch64.manylinux2014_aarch64.whl", hash = "sha256:3cc3a3690aad6e86c1958d3ec3c38c4594b6ecec75c1f531e84160bd827b2012", size = 10597062, upload-time = "2025-05-29T13:31:05.539Z" },
    { url = "https://files.pythonhosted.org/packages/29/3a/79fa6a9a39422a400564ca7233a689a151f1039110f0bbbabcb38106883a/ruff-0.11.12-py3-none-manylinux_2_17_armv7l.manylinux2014_armv7l.whl", hash = "sha256:f97fdbc2549f456c65b3b0048560d44ddd540db1f27c778a938371424b49fe4a", size = 10155152, upload-time = "2025-05-29T13:31:07.986Z" },
    { url = "https://files.pythonhosted.org/packages/e5/a4/22c2c97b2340aa968af3a39bc38045e78d36abd4ed3fa2bde91c31e712e3/ruff-0.11.12-py3-none-manylinux_2_17_i686.manylinux2014_i686.whl", hash = "sha256:74adf84960236961090e2d1348c1a67d940fd12e811a33fb3d107df61eef8fc7", size = 11723067, upload-time = "2025-05-29T13:31:10.57Z" },
    { url = "https://files.pythonhosted.org/packages/bc/cf/3e452fbd9597bcd8058856ecd42b22751749d07935793a1856d988154151/ruff-0.11.12-py3-none-manylinux_2_17_ppc64.manylinux2014_ppc64.whl", hash = "sha256:b56697e5b8bcf1d61293ccfe63873aba08fdbcbbba839fc046ec5926bdb25a3a", size = 12460807, upload-time = "2025-05-29T13:31:12.88Z" },
    { url = "https://files.pythonhosted.org/packages/2f/ec/8f170381a15e1eb7d93cb4feef8d17334d5a1eb33fee273aee5d1f8241a3/ruff-0.11.12-py3-none-manylinux_2_17_ppc64le.manylinux2014_ppc64le.whl", hash = "sha256:4d47afa45e7b0eaf5e5969c6b39cbd108be83910b5c74626247e366fd7a36a13", size = 12063261, upload-time = "2025-05-29T13:31:15.236Z" },
    { url = "https://files.pythonhosted.org/packages/0d/bf/57208f8c0a8153a14652a85f4116c0002148e83770d7a41f2e90b52d2b4e/ruff-0.11.12-py3-none-manylinux_2_17_s390x.manylinux2014_s390x.whl", hash = "sha256:692bf9603fe1bf949de8b09a2da896f05c01ed7a187f4a386cdba6760e7f61be", size = 11329601, upload-time = "2025-05-29T13:31:18.68Z" },
    { url = "https://files.pythonhosted.org/packages/c3/56/edf942f7fdac5888094d9ffa303f12096f1a93eb46570bcf5f14c0c70880/ruff-0.11.12-py3-none-manylinux_2_17_x86_64.manylinux2014_x86_64.whl", hash = "sha256:08033320e979df3b20dba567c62f69c45e01df708b0f9c83912d7abd3e0801cd", size = 11522186, upload-time = "2025-05-29T13:31:21.216Z" },
    { url = "https://files.pythonhosted.org/packages/ed/63/79ffef65246911ed7e2290aeece48739d9603b3a35f9529fec0fc6c26400/ruff-0.11.12-py3-none-musllinux_1_2_aarch64.whl", hash = "sha256:929b7706584f5bfd61d67d5070f399057d07c70585fa8c4491d78ada452d3bef", size = 10449032, upload-time = "2025-05-29T13:31:23.417Z" },
    { url = "https://files.pythonhosted.org/packages/88/19/8c9d4d8a1c2a3f5a1ea45a64b42593d50e28b8e038f1aafd65d6b43647f3/ruff-0.11.12-py3-none-musllinux_1_2_armv7l.whl", hash = "sha256:7de4a73205dc5756b8e09ee3ed67c38312dce1aa28972b93150f5751199981b5", size = 10129370, upload-time = "2025-05-29T13:31:25.777Z" },
    { url = "https://files.pythonhosted.org/packages/bc/0f/2d15533eaa18f460530a857e1778900cd867ded67f16c85723569d54e410/ruff-0.11.12-py3-none-musllinux_1_2_i686.whl", hash = "sha256:2635c2a90ac1b8ca9e93b70af59dfd1dd2026a40e2d6eebaa3efb0465dd9cf02", size = 11123529, upload-time = "2025-05-29T13:31:28.396Z" },
    { url = "https://files.pythonhosted.org/packages/4f/e2/4c2ac669534bdded835356813f48ea33cfb3a947dc47f270038364587088/ruff-0.11.12-py3-none-musllinux_1_2_x86_64.whl", hash = "sha256:d05d6a78a89166f03f03a198ecc9d18779076ad0eec476819467acb401028c0c", size = 11577642, upload-time = "2025-05-29T13:31:30.647Z" },
    { url = "https://files.pythonhosted.org/packages/a7/9b/c9ddf7f924d5617a1c94a93ba595f4b24cb5bc50e98b94433ab3f7ad27e5/ruff-0.11.12-py3-none-win32.whl", hash = "sha256:f5a07f49767c4be4772d161bfc049c1f242db0cfe1bd976e0f0886732a4765d6", size = 10475511, upload-time = "2025-05-29T13:31:32.917Z" },
    { url = "https://files.pythonhosted.org/packages/fd/d6/74fb6d3470c1aada019ffff33c0f9210af746cca0a4de19a1f10ce54968a/ruff-0.11.12-py3-none-win_amd64.whl", hash = "sha256:5a4d9f8030d8c3a45df201d7fb3ed38d0219bccd7955268e863ee4a115fa0832", size = 11523573, upload-time = "2025-05-29T13:31:35.782Z" },
    { url = "https://files.pythonhosted.org/packages/44/42/d58086ec20f52d2b0140752ae54b355ea2be2ed46f914231136dd1effcc7/ruff-0.11.12-py3-none-win_arm64.whl", hash = "sha256:65194e37853158d368e333ba282217941029a28ea90913c67e558c611d04daa5", size = 10697770, upload-time = "2025-05-29T13:31:38.009Z" },
]

[[package]]
name = "virtualenv"
version = "20.31.2"
source = { registry = "https://pypi.org/simple" }
dependencies = [
    { name = "distlib" },
    { name = "filelock" },
    { name = "platformdirs" },
]
sdist = { url = "https://files.pythonhosted.org/packages/56/2c/444f465fb2c65f40c3a104fd0c495184c4f2336d65baf398e3c75d72ea94/virtualenv-20.31.2.tar.gz", hash = "sha256:e10c0a9d02835e592521be48b332b6caee6887f332c111aa79a09b9e79efc2af", size = 6076316, upload-time = "2025-05-08T17:58:23.811Z" }
wheels = [
    { url = "https://files.pythonhosted.org/packages/f3/40/b1c265d4b2b62b58576588510fc4d1fe60a86319c8de99fd8e9fec617d2c/virtualenv-20.31.2-py3-none-any.whl", hash = "sha256:36efd0d9650ee985f0cad72065001e66d49a6f24eb44d98980f630686243cf11", size = 6057982, upload-time = "2025-05-08T17:58:21.15Z" },
]
